
Microsoft Visual Studio Solution File, Format Version 12.00
# Visual Studio Version 17
VisualStudioVersion = 17.5.33516.290
MinimumVisualStudioVersion = 10.0.40219.1
Project("{FAE04EC0-301F-11D3-BF4B-00C04F79EFBC}") = "ConsoleApp1", "ConsoleApp1\ConsoleApp1.csproj", "{69665220-3289-4A4C-AD73-515626BC17D6}"
EndProject
Global
	GlobalSection(SolutionConfigurationPlatforms) = preSolution
		Debug|Any CPU = Debug|Any CPU
		Release|Any CPU = Release|Any CPU
	EndGlobalSection
	GlobalSection(ProjectConfigurationPlatforms) = postSolution
		{69665220-3289-4A4C-AD73-515626BC17D6}.Debug|Any CPU.ActiveCfg = Debug|Any CPU
		{69665220-3289-4A4C-AD73-515626BC17D6}.Debug|Any CPU.Build.0 = Debug|Any CPU
		{69665220-3289-4A4C-AD73-515626BC17D6}.Release|Any CPU.ActiveCfg = Release|Any CPU
		{69665220-3289-4A4C-AD73-515626BC17D6}.Release|Any CPU.Build.0 = Release|Any CPU
	EndGlobalSection
	GlobalSection(SolutionProperties) = preSolution
		HideSolutionNode = FALSE
	EndGlobalSection
	GlobalSection(ExtensibilityGlobals) = postSolution
		SolutionGuid = {BC14C924-8A8F-479F-BD17-04C795A875CF}
	EndGlobalSection
EndGlobal
